
Microsoft Visual Studio Solution File, Format Version 12.00
# Visual Studio Version 17
VisualStudioVersion = 17.10.35004.147
MinimumVisualStudioVersion = 10.0.40219.1
Project("{FAE04EC0-301F-11D3-BF4B-00C04F79EFBC}") = "PRUBA_AIS", "PRUBA_AIS\PRUBA_AIS.csproj", "{B2D71D25-7EA0-4C4B-96CF-2E5FDF13BCBF}"
EndProject
Project("{2150E333-8FDC-42A3-9474-1A3956D46DE8}") = "Service", "Service", "{5F45D68D-03D0-4406-AF38-0F16FF5EA80E}"
EndProject
Project("{2150E333-8FDC-42A3-9474-1A3956D46DE8}") = "Application", "Application", "{081281EC-F950-4060-AC64-29BA0983B7B7}"
EndProject
Project("{FAE04EC0-301F-11D3-BF4B-00C04F79EFBC}") = "Services", "Services\Services.csproj", "{098A31AC-050F-4D7E-A520-A45D1DCBDB25}"
EndProject
Global
	GlobalSection(SolutionConfigurationPlatforms) = preSolution
		Debug|Any CPU = Debug|Any CPU
		Release|Any CPU = Release|Any CPU
	EndGlobalSection
	GlobalSection(ProjectConfigurationPlatforms) = postSolution
		{B2D71D25-7EA0-4C4B-96CF-2E5FDF13BCBF}.Debug|Any CPU.ActiveCfg = Debug|Any CPU
		{B2D71D25-7EA0-4C4B-96CF-2E5FDF13BCBF}.Debug|Any CPU.Build.0 = Debug|Any CPU
		{B2D71D25-7EA0-4C4B-96CF-2E5FDF13BCBF}.Release|Any CPU.ActiveCfg = Release|Any CPU
		{B2D71D25-7EA0-4C4B-96CF-2E5FDF13BCBF}.Release|Any CPU.Build.0 = Release|Any CPU
		{098A31AC-050F-4D7E-A520-A45D1DCBDB25}.Debug|Any CPU.ActiveCfg = Debug|Any CPU
		{098A31AC-050F-4D7E-A520-A45D1DCBDB25}.Debug|Any CPU.Build.0 = Debug|Any CPU
		{098A31AC-050F-4D7E-A520-A45D1DCBDB25}.Release|Any CPU.ActiveCfg = Release|Any CPU
		{098A31AC-050F-4D7E-A520-A45D1DCBDB25}.Release|Any CPU.Build.0 = Release|Any CPU
	EndGlobalSection
	GlobalSection(SolutionProperties) = preSolution
		HideSolutionNode = FALSE
	EndGlobalSection
	GlobalSection(NestedProjects) = preSolution
		{B2D71D25-7EA0-4C4B-96CF-2E5FDF13BCBF} = {081281EC-F950-4060-AC64-29BA0983B7B7}
		{098A31AC-050F-4D7E-A520-A45D1DCBDB25} = {5F45D68D-03D0-4406-AF38-0F16FF5EA80E}
	EndGlobalSection
	GlobalSection(ExtensibilityGlobals) = postSolution
		SolutionGuid = {4AF484DD-B77F-43C0-A9F0-9189073FBF4F}
	EndGlobalSection
EndGlobal
